
Microsoft Visual Studio Solution File, Format Version 12.00
# Visual Studio Version 17
VisualStudioVersion = 17.7.34018.315
MinimumVisualStudioVersion = 10.0.40219.1
Project("{FAE04EC0-301F-11D3-BF4B-00C04F79EFBC}") = "Tennisapp", "Tennisapp\Tennisapp.csproj", "{F454FF7C-C92C-4573-B405-7DC2DD24BE55}"
EndProject
Project("{2150E333-8FDC-42A3-9474-1A3956D46DE8}") = "Solution Items", "Solution Items", "{9CE64756-D9D0-447B-9A7C-A389C4AADCE2}"
	ProjectSection(SolutionItems) = preProject
		.editorconfig = .editorconfig
	EndProjectSection
EndProject
Global
	GlobalSection(SolutionConfigurationPlatforms) = preSolution
		Debug|Any CPU = Debug|Any CPU
		Release|Any CPU = Release|Any CPU
	EndGlobalSection
	GlobalSection(ProjectConfigurationPlatforms) = postSolution
		{F454FF7C-C92C-4573-B405-7DC2DD24BE55}.Debug|Any CPU.ActiveCfg = Debug|Any CPU
		{F454FF7C-C92C-4573-B405-7DC2DD24BE55}.Debug|Any CPU.Build.0 = Debug|Any CPU
		{F454FF7C-C92C-4573-B405-7DC2DD24BE55}.Release|Any CPU.ActiveCfg = Release|Any CPU
		{F454FF7C-C92C-4573-B405-7DC2DD24BE55}.Release|Any CPU.Build.0 = Release|Any CPU
	EndGlobalSection
	GlobalSection(SolutionProperties) = preSolution
		HideSolutionNode = FALSE
	EndGlobalSection
	GlobalSection(ExtensibilityGlobals) = postSolution
		SolutionGuid = {D12134AB-DE45-4265-9603-315A91905EE9}
	EndGlobalSection
EndGlobal
